
Microsoft Visual Studio Solution File, Format Version 12.00
Project("{2150E333-8FDC-42A3-9474-1A3956D46DE8}") = "testing", "testing", "{15BB4EE0-C4B6-494B-82EB-6894A4F62903}"
EndProject
Project("{2150E333-8FDC-42A3-9474-1A3956D46DE8}") = "benchmarks", "benchmarks", "{0CA822CB-1CDC-4A3D-BFCC-2ADA54E5B1D3}"
EndProject
Project("{FAE04EC0-301F-11D3-BF4B-00C04F79EFBC}") = "toolbox.Duplicatables", "toolbox.Duplicatables\toolbox.Duplicatables.csproj", "{2397C821-BF63-4E85-9FED-990A9842F50C}"
EndProject
Project("{FAE04EC0-301F-11D3-BF4B-00C04F79EFBC}") = "toolbox.Duplicatables.tests", "toolbox.Duplicatables.tests\toolbox.Duplicatables.tests.csproj", "{6DAC4945-FFDF-41FC-805D-3E7A120C8734}"
EndProject
Project("{FAE04EC0-301F-11D3-BF4B-00C04F79EFBC}") = "toolbox.DiscriminatedUnions", "toolbox.DiscriminatedUnions\toolbox.DiscriminatedUnions.csproj", "{E7FC9EB6-6108-43E0-BDF2-7348EB047DD3}"
EndProject
Project("{FAE04EC0-301F-11D3-BF4B-00C04F79EFBC}") = "toolbox.DiscriminatedUnions.tests", "toolbox.DiscriminatedUnions.tests\toolbox.DiscriminatedUnions.tests.csproj", "{DB9AD972-0D2E-4406-87DA-86FC563C493D}"
EndProject
Project("{FAE04EC0-301F-11D3-BF4B-00C04F79EFBC}") = "toolbox.Observables", "toolbox.Observables\toolbox.Observables.csproj", "{31BCC3C5-1617-4930-9809-744EC296CD37}"
EndProject
Project("{FAE04EC0-301F-11D3-BF4B-00C04F79EFBC}") = "toobox.Observables.tests", "toobox.Observables.tests\toobox.Observables.tests.csproj", "{48439717-D680-448F-93F4-4A3104979E40}"
EndProject
Project("{FAE04EC0-301F-11D3-BF4B-00C04F79EFBC}") = "toolbox.Pipeline", "toolbox.Pipeline\toolbox.Pipeline.csproj", "{96342EAD-4C16-4EEB-A9D3-4141302D61AA}"
EndProject
Project("{FAE04EC0-301F-11D3-BF4B-00C04F79EFBC}") = "toolbox.Pipeline.tests", "toolbox.Pipeline.tests\toolbox.Pipeline.tests.csproj", "{79A2B890-9BE7-447B-BA76-3B9E64694139}"
EndProject
Project("{FAE04EC0-301F-11D3-BF4B-00C04F79EFBC}") = "toolbox.Pipeline.tests.integration", "toolbox.Pipeline.tests.integration\toolbox.Pipeline.tests.integration.csproj", "{37717C0D-1459-4D00-8FA8-4824761C37C0}"
EndProject
Global
	GlobalSection(SolutionConfigurationPlatforms) = preSolution
		Debug|Any CPU = Debug|Any CPU
		Release|Any CPU = Release|Any CPU
	EndGlobalSection
	GlobalSection(ProjectConfigurationPlatforms) = postSolution
		{2397C821-BF63-4E85-9FED-990A9842F50C}.Debug|Any CPU.ActiveCfg = Debug|Any CPU
		{2397C821-BF63-4E85-9FED-990A9842F50C}.Debug|Any CPU.Build.0 = Debug|Any CPU
		{2397C821-BF63-4E85-9FED-990A9842F50C}.Release|Any CPU.ActiveCfg = Release|Any CPU
		{2397C821-BF63-4E85-9FED-990A9842F50C}.Release|Any CPU.Build.0 = Release|Any CPU
		{6DAC4945-FFDF-41FC-805D-3E7A120C8734}.Debug|Any CPU.ActiveCfg = Debug|Any CPU
		{6DAC4945-FFDF-41FC-805D-3E7A120C8734}.Debug|Any CPU.Build.0 = Debug|Any CPU
		{6DAC4945-FFDF-41FC-805D-3E7A120C8734}.Release|Any CPU.ActiveCfg = Release|Any CPU
		{6DAC4945-FFDF-41FC-805D-3E7A120C8734}.Release|Any CPU.Build.0 = Release|Any CPU
		{E7FC9EB6-6108-43E0-BDF2-7348EB047DD3}.Debug|Any CPU.ActiveCfg = Debug|Any CPU
		{E7FC9EB6-6108-43E0-BDF2-7348EB047DD3}.Debug|Any CPU.Build.0 = Debug|Any CPU
		{E7FC9EB6-6108-43E0-BDF2-7348EB047DD3}.Release|Any CPU.ActiveCfg = Release|Any CPU
		{E7FC9EB6-6108-43E0-BDF2-7348EB047DD3}.Release|Any CPU.Build.0 = Release|Any CPU
		{DB9AD972-0D2E-4406-87DA-86FC563C493D}.Debug|Any CPU.ActiveCfg = Debug|Any CPU
		{DB9AD972-0D2E-4406-87DA-86FC563C493D}.Debug|Any CPU.Build.0 = Debug|Any CPU
		{DB9AD972-0D2E-4406-87DA-86FC563C493D}.Release|Any CPU.ActiveCfg = Release|Any CPU
		{DB9AD972-0D2E-4406-87DA-86FC563C493D}.Release|Any CPU.Build.0 = Release|Any CPU
		{31BCC3C5-1617-4930-9809-744EC296CD37}.Debug|Any CPU.ActiveCfg = Debug|Any CPU
		{31BCC3C5-1617-4930-9809-744EC296CD37}.Debug|Any CPU.Build.0 = Debug|Any CPU
		{31BCC3C5-1617-4930-9809-744EC296CD37}.Release|Any CPU.ActiveCfg = Release|Any CPU
		{31BCC3C5-1617-4930-9809-744EC296CD37}.Release|Any CPU.Build.0 = Release|Any CPU
		{48439717-D680-448F-93F4-4A3104979E40}.Debug|Any CPU.ActiveCfg = Debug|Any CPU
		{48439717-D680-448F-93F4-4A3104979E40}.Debug|Any CPU.Build.0 = Debug|Any CPU
		{48439717-D680-448F-93F4-4A3104979E40}.Release|Any CPU.ActiveCfg = Release|Any CPU
		{48439717-D680-448F-93F4-4A3104979E40}.Release|Any CPU.Build.0 = Release|Any CPU
		{96342EAD-4C16-4EEB-A9D3-4141302D61AA}.Debug|Any CPU.ActiveCfg = Debug|Any CPU
		{96342EAD-4C16-4EEB-A9D3-4141302D61AA}.Debug|Any CPU.Build.0 = Debug|Any CPU
		{96342EAD-4C16-4EEB-A9D3-4141302D61AA}.Release|Any CPU.ActiveCfg = Release|Any CPU
		{96342EAD-4C16-4EEB-A9D3-4141302D61AA}.Release|Any CPU.Build.0 = Release|Any CPU
		{79A2B890-9BE7-447B-BA76-3B9E64694139}.Debug|Any CPU.ActiveCfg = Debug|Any CPU
		{79A2B890-9BE7-447B-BA76-3B9E64694139}.Debug|Any CPU.Build.0 = Debug|Any CPU
		{79A2B890-9BE7-447B-BA76-3B9E64694139}.Release|Any CPU.ActiveCfg = Release|Any CPU
		{79A2B890-9BE7-447B-BA76-3B9E64694139}.Release|Any CPU.Build.0 = Release|Any CPU
		{37717C0D-1459-4D00-8FA8-4824761C37C0}.Debug|Any CPU.ActiveCfg = Debug|Any CPU
		{37717C0D-1459-4D00-8FA8-4824761C37C0}.Debug|Any CPU.Build.0 = Debug|Any CPU
		{37717C0D-1459-4D00-8FA8-4824761C37C0}.Release|Any CPU.ActiveCfg = Release|Any CPU
		{37717C0D-1459-4D00-8FA8-4824761C37C0}.Release|Any CPU.Build.0 = Release|Any CPU
	EndGlobalSection
	GlobalSection(NestedProjects) = preSolution
		{6DAC4945-FFDF-41FC-805D-3E7A120C8734} = {15BB4EE0-C4B6-494B-82EB-6894A4F62903}
		{DB9AD972-0D2E-4406-87DA-86FC563C493D} = {15BB4EE0-C4B6-494B-82EB-6894A4F62903}
		{48439717-D680-448F-93F4-4A3104979E40} = {15BB4EE0-C4B6-494B-82EB-6894A4F62903}
		{79A2B890-9BE7-447B-BA76-3B9E64694139} = {15BB4EE0-C4B6-494B-82EB-6894A4F62903}
		{37717C0D-1459-4D00-8FA8-4824761C37C0} = {15BB4EE0-C4B6-494B-82EB-6894A4F62903}
	EndGlobalSection
EndGlobal
